
Microsoft Visual Studio Solution File, Format Version 12.00
# Visual Studio Version 17
VisualStudioVersion = 17.9.34728.123
MinimumVisualStudioVersion = 10.0.40219.1
Project("{FAE04EC0-301F-11D3-BF4B-00C04F79EFBC}") = "VyeshalDecoder", "VyeshalDecoder.csproj", "{98EC6AD0-83AE-4BA2-952B-342627DBDCFB}"
EndProject
Global
	GlobalSection(SolutionConfigurationPlatforms) = preSolution
		Debug|Any CPU = Debug|Any CPU
		Release|Any CPU = Release|Any CPU
	EndGlobalSection
	GlobalSection(ProjectConfigurationPlatforms) = postSolution
		{98EC6AD0-83AE-4BA2-952B-342627DBDCFB}.Debug|Any CPU.ActiveCfg = Debug|Any CPU
		{98EC6AD0-83AE-4BA2-952B-342627DBDCFB}.Debug|Any CPU.Build.0 = Debug|Any CPU
		{98EC6AD0-83AE-4BA2-952B-342627DBDCFB}.Release|Any CPU.ActiveCfg = Release|Any CPU
		{98EC6AD0-83AE-4BA2-952B-342627DBDCFB}.Release|Any CPU.Build.0 = Release|Any CPU
	EndGlobalSection
	GlobalSection(SolutionProperties) = preSolution
		HideSolutionNode = FALSE
	EndGlobalSection
	GlobalSection(ExtensibilityGlobals) = postSolution
		SolutionGuid = {D36C4B5F-5142-4603-8608-4B79981F5729}
	EndGlobalSection
EndGlobal
